
Microsoft Visual Studio Solution File, Format Version 12.00
# Visual Studio Version 16
VisualStudioVersion = 16.0.29215.179
MinimumVisualStudioVersion = 10.0.40219.1
Project("{FAE04EC0-301F-11D3-BF4B-00C04F79EFBC}") = "ConsoleApp2", "ConsoleApp2\ConsoleApp2.csproj", "{47567DD8-454D-4FEB-8E3E-1E7F0CB0D24C}"
EndProject
Global
	GlobalSection(SolutionConfigurationPlatforms) = preSolution
		Debug|Any CPU = Debug|Any CPU
		Release|Any CPU = Release|Any CPU
	EndGlobalSection
	GlobalSection(ProjectConfigurationPlatforms) = postSolution
		{47567DD8-454D-4FEB-8E3E-1E7F0CB0D24C}.Debug|Any CPU.ActiveCfg = Debug|Any CPU
		{47567DD8-454D-4FEB-8E3E-1E7F0CB0D24C}.Debug|Any CPU.Build.0 = Debug|Any CPU
		{47567DD8-454D-4FEB-8E3E-1E7F0CB0D24C}.Release|Any CPU.ActiveCfg = Release|Any CPU
		{47567DD8-454D-4FEB-8E3E-1E7F0CB0D24C}.Release|Any CPU.Build.0 = Release|Any CPU
	EndGlobalSection
	GlobalSection(SolutionProperties) = preSolution
		HideSolutionNode = FALSE
	EndGlobalSection
	GlobalSection(ExtensibilityGlobals) = postSolution
		SolutionGuid = {A0DA3686-C2C8-43E6-A43E-F200CD5DDE8D}
	EndGlobalSection
EndGlobal
